
Microsoft Visual Studio Solution File, Format Version 12.00
# Visual Studio 15
VisualStudioVersion = 15.0.27004.2009
MinimumVisualStudioVersion = 10.0.40219.1
Project("{FAE04EC0-301F-11D3-BF4B-00C04F79EFBC}") = "Lab20CoffeeShop", "Lab20CoffeeShop\Lab20CoffeeShop.csproj", "{978EA97F-7CC1-4CB9-9E2C-A72CF1ABFED8}"
EndProject
Global
	GlobalSection(SolutionConfigurationPlatforms) = preSolution
		Debug|Any CPU = Debug|Any CPU
		Release|Any CPU = Release|Any CPU
	EndGlobalSection
	GlobalSection(ProjectConfigurationPlatforms) = postSolution
		{978EA97F-7CC1-4CB9-9E2C-A72CF1ABFED8}.Debug|Any CPU.ActiveCfg = Debug|Any CPU
		{978EA97F-7CC1-4CB9-9E2C-A72CF1ABFED8}.Debug|Any CPU.Build.0 = Debug|Any CPU
		{978EA97F-7CC1-4CB9-9E2C-A72CF1ABFED8}.Release|Any CPU.ActiveCfg = Release|Any CPU
		{978EA97F-7CC1-4CB9-9E2C-A72CF1ABFED8}.Release|Any CPU.Build.0 = Release|Any CPU
	EndGlobalSection
	GlobalSection(SolutionProperties) = preSolution
		HideSolutionNode = FALSE
	EndGlobalSection
	GlobalSection(ExtensibilityGlobals) = postSolution
		SolutionGuid = {A78C5F50-A174-4F82-9D73-F510A3F9D79B}
	EndGlobalSection
EndGlobal
